{
  "name": "rdanielcode",
  "version": "1.0.0",
  "lockfileVersion": 2,
  "requires": true,
  "packages": {
    "": {
      "name": "rdanielcode",
      "version": "1.0.0",
      "license": "ISC",
      "dependencies": {
        "@exuanbo/file-icons-js": "^3.3.0"
      }
    },
    "node_modules/@exuanbo/file-icons-js": {
      "version": "3.3.0",
      "resolved": "https://registry.npmjs.org/@exuanbo/file-icons-js/-/file-icons-js-3.3.0.tgz",
      "integrity": "sha512-utn/kkeIhbfxJtn9ZDGXL1p8BtyUlgoDls3xGYIxk1FgNnMx6CqN2fBYeeAYIPL1O4nexWZ/2thssNwIMUqHKA=="
    }
  },
  "dependencies": {
    "@exuanbo/file-icons-js": {
      "version": "3.3.0",
      "resolved": "https://registry.npmjs.org/@exuanbo/file-icons-js/-/file-icons-js-3.3.0.tgz",
      "integrity": "sha512-utn/kkeIhbfxJtn9ZDGXL1p8BtyUlgoDls3xGYIxk1FgNnMx6CqN2fBYeeAYIPL1O4nexWZ/2thssNwIMUqHKA=="
    }
  }
}
